{
  "name": "fargate-service-with-auto-scaling",
  "version": "1.0.0",
  "lockfileVersion": 1,
  "requires": true,
  "dependencies": {
    "@aws-cdk/assets": {
      "version": "1.26.0",
      "resolved": "https://registry.npmjs.org/@aws-cdk/assets/-/assets-1.26.0.tgz",
      "integrity": "sha512-2y97awHTF9xBmNscajZhir5FjM8kuftMufWeJNBFShtsDYVjXmi0LH2DCH+R0iXF3Utlj0utnaxwM2YlgTeMBw==",
      "requires": {
        "@aws-cdk/core": "1.26.0",
        "@aws-cdk/cx-api": "1.26.0",
        "minimatch": "^3.0.4"
      },
      "dependencies": {
        "balanced-match": {
          "version": "1.0.0",
          "bundled": true
        },
        "brace-expansion": {
          "version": "1.1.11",
          "bundled": true,
          "requires": {
            "balanced-match": "^1.0.0",
            "concat-map": "0.0.1"
          }
        },
        "concat-map": {
          "version": "0.0.1",
          "bundled": true
        },
        "minimatch": {
          "version": "3.0.4",
          "bundled": true,
          "requires": {
            "brace-expansion": "^1.1.7"
          }
        }
      }
    },
    "@aws-cdk/aws-apigateway": {
      "version": "1.26.0",
      "resolved": "https://registry.npmjs.org/@aws-cdk/aws-apigateway/-/aws-apigateway-1.26.0.tgz",
      "integrity": "sha512-cGV/MCEPP76Zz40pxN4Xuzxt88VoGGTmlAKeBoFNeuVqY6hzg8Iinr7k4qlg6RqNQCDKr/yqKRsyPZ0w1+HqKg==",
      "requires": {
        "@aws-cdk/aws-certificatemanager": "1.26.0",
        "@aws-cdk/aws-ec2": "1.26.0",
        "@aws-cdk/aws-elasticloadbalancingv2": "1.26.0",
        "@aws-cdk/aws-iam": "1.26.0",
        "@aws-cdk/aws-lambda": "1.26.0",
        "@aws-cdk/core": "1.26.0"
      }
    },
    "@aws-cdk/aws-applicationautoscaling": {
      "version": "1.26.0",
      "resolved": "https://registry.npmjs.org/@aws-cdk/aws-applicationautoscaling/-/aws-applicationautoscaling-1.26.0.tgz",
      "integrity": "sha512-QZ3eGl0xcqnDTn5lD6hDVtNm80ZN31Hoq3Wvzp0g7k5HBKl4BG3lzk2+dGJSQd+FBNED/doud1qRXVo48l3KXQ==",
      "requires": {
        "@aws-cdk/aws-autoscaling-common": "1.26.0",
        "@aws-cdk/aws-cloudwatch": "1.26.0",
        "@aws-cdk/aws-iam": "1.26.0",
        "@aws-cdk/core": "1.26.0"
      }
    },
    "@aws-cdk/aws-autoscaling": {
      "version": "1.26.0",
      "resolved": "https://registry.npmjs.org/@aws-cdk/aws-autoscaling/-/aws-autoscaling-1.26.0.tgz",
      "integrity": "sha512-BFTfW+iBG84kxFqxEr5iScCtjmyxcNNjDV66ONtBex8ItPYhHqtZzjqRiLaxfmAQ/rKcLmBI+q+u15xYsf1HUQ==",
      "requires": {
        "@aws-cdk/aws-autoscaling-common": "1.26.0",
        "@aws-cdk/aws-cloudwatch": "1.26.0",
        "@aws-cdk/aws-ec2": "1.26.0",
        "@aws-cdk/aws-elasticloadbalancing": "1.26.0",
        "@aws-cdk/aws-elasticloadbalancingv2": "1.26.0",
        "@aws-cdk/aws-iam": "1.26.0",
        "@aws-cdk/aws-sns": "1.26.0",
        "@aws-cdk/core": "1.26.0"
      }
    },
    "@aws-cdk/aws-autoscaling-common": {
      "version": "1.26.0",
      "resolved": "https://registry.npmjs.org/@aws-cdk/aws-autoscaling-common/-/aws-autoscaling-common-1.26.0.tgz",
      "integrity": "sha512-vcivrlOnyl48fAFui3bj5FxgJNhMi8kp4BOGU/PIXPu4s3rdfPZjrcIodp0PoH9ahVAN5pVF7umCWckhgZd7jg==",
      "requires": {
        "@aws-cdk/aws-iam": "1.26.0",
        "@aws-cdk/core": "1.26.0"
      }
    },
    "@aws-cdk/aws-autoscaling-hooktargets": {
      "version": "1.26.0",
      "resolved": "https://registry.npmjs.org/@aws-cdk/aws-autoscaling-hooktargets/-/aws-autoscaling-hooktargets-1.26.0.tgz",
      "integrity": "sha512-qs3S1WBsAe+VtKfQE/eggfKspI+1x7XYQvb1i3/rgtLeqJwmwFMdd7UY/Uq9VVlEjqNKIBkVw3A3aJuJtuB2pg==",
      "requires": {
        "@aws-cdk/aws-autoscaling": "1.26.0",
        "@aws-cdk/aws-iam": "1.26.0",
        "@aws-cdk/aws-lambda": "1.26.0",
        "@aws-cdk/aws-sns": "1.26.0",
        "@aws-cdk/aws-sns-subscriptions": "1.26.0",
        "@aws-cdk/aws-sqs": "1.26.0",
        "@aws-cdk/core": "1.26.0"
      }
    },
    "@aws-cdk/aws-certificatemanager": {
      "version": "1.26.0",
      "resolved": "https://registry.npmjs.org/@aws-cdk/aws-certificatemanager/-/aws-certificatemanager-1.26.0.tgz",
      "integrity": "sha512-ycDWvXi31ytA2kv+WrczWaUFWZ3XZH+w6v5zxsxuZWRnmIpvHM51TsjVzaV/+uULaRGGZeeT9I6mTihVeZ1fgg==",
      "requires": {
        "@aws-cdk/aws-cloudformation": "1.26.0",
        "@aws-cdk/aws-iam": "1.26.0",
        "@aws-cdk/aws-lambda": "1.26.0",
        "@aws-cdk/aws-route53": "1.26.0",
        "@aws-cdk/core": "1.26.0"
      }
    },
    "@aws-cdk/aws-cloudformation": {
      "version": "1.26.0",
      "resolved": "https://registry.npmjs.org/@aws-cdk/aws-cloudformation/-/aws-cloudformation-1.26.0.tgz",
      "integrity": "sha512-3BJhlDY+hR/v22dy/4ClM74ilryY+jcS7ezskpaupf6b3m2HFjtrzjc/LHOM/24VOOf4BY07abSLeFpx+UL+Eg==",
      "requires": {
        "@aws-cdk/aws-iam": "1.26.0",
        "@aws-cdk/aws-lambda": "1.26.0",
        "@aws-cdk/aws-s3": "1.26.0",
        "@aws-cdk/aws-sns": "1.26.0",
        "@aws-cdk/core": "1.26.0",
        "@aws-cdk/cx-api": "1.26.0"
      }
    },
    "@aws-cdk/aws-cloudfront": {
      "version": "1.26.0",
      "resolved": "https://registry.npmjs.org/@aws-cdk/aws-cloudfront/-/aws-cloudfront-1.26.0.tgz",
      "integrity": "sha512-b3GPFnzPj7B8YUw+um8NqCS6cnGE0AZsXV2wIw0bUI7dPqsdgGCD5fTWz+K2l5Wrx2RE8ROPq1XDJyDwac89uQ==",
      "requires": {
        "@aws-cdk/aws-certificatemanager": "1.26.0",
        "@aws-cdk/aws-iam": "1.26.0",
        "@aws-cdk/aws-kms": "1.26.0",
        "@aws-cdk/aws-lambda": "1.26.0",
        "@aws-cdk/aws-s3": "1.26.0",
        "@aws-cdk/core": "1.26.0"
      }
    },
    "@aws-cdk/aws-cloudwatch": {
      "version": "1.26.0",
      "resolved": "https://registry.npmjs.org/@aws-cdk/aws-cloudwatch/-/aws-cloudwatch-1.26.0.tgz",
      "integrity": "sha512-7ERcCnwSbxZ8g523SwKl8pVQRbqsVCYVK3faH3IlbGDZSgWLCqoBHkrFVaF9SQke/v8+gEt5V2WdIMiS/7fzFQ==",
      "requires": {
        "@aws-cdk/aws-iam": "1.26.0",
        "@aws-cdk/core": "1.26.0"
      }
    },
    "@aws-cdk/aws-codebuild": {
      "version": "1.26.0",
      "resolved": "https://registry.npmjs.org/@aws-cdk/aws-codebuild/-/aws-codebuild-1.26.0.tgz",
      "integrity": "sha512-t8FmGa4T+Ro/eCMy5M1h6E2+gqwfPaq/WvojD6RDdiT3iS1BPf/VCyf7j3djreCzDGzDWlfMt6ceR7DWnG1pAQ==",
      "requires": {
        "@aws-cdk/assets": "1.26.0",
        "@aws-cdk/aws-cloudwatch": "1.26.0",
        "@aws-cdk/aws-codecommit": "1.26.0",
        "@aws-cdk/aws-ec2": "1.26.0",
        "@aws-cdk/aws-ecr": "1.26.0",
        "@aws-cdk/aws-ecr-assets": "1.26.0",
        "@aws-cdk/aws-events": "1.26.0",
        "@aws-cdk/aws-iam": "1.26.0",
        "@aws-cdk/aws-kms": "1.26.0",
        "@aws-cdk/aws-s3": "1.26.0",
        "@aws-cdk/aws-s3-assets": "1.26.0",
        "@aws-cdk/aws-secretsmanager": "1.26.0",
        "@aws-cdk/core": "1.26.0"
      }
    },
    "@aws-cdk/aws-codecommit": {
      "version": "1.26.0",
      "resolved": "https://registry.npmjs.org/@aws-cdk/aws-codecommit/-/aws-codecommit-1.26.0.tgz",
      "integrity": "sha512-5WZzom3tAbmM1eCd5nAavejYECkrL8oAgjIjOufvdIqJCgf8cRYicyUbRetnAKu6HXPtS4r4lLKOzU6b4qjt7A==",
      "requires": {
        "@aws-cdk/aws-events": "1.26.0",
        "@aws-cdk/aws-iam": "1.26.0",
        "@aws-cdk/core": "1.26.0"
      }
    },
    "@aws-cdk/aws-codepipeline": {
      "version": "1.26.0",
      "resolved": "https://registry.npmjs.org/@aws-cdk/aws-codepipeline/-/aws-codepipeline-1.26.0.tgz",
      "integrity": "sha512-EkCTD83EWI6xg/7WuzVRMyXmU2wpke1TFw5wrMNPaGoN9M3DtsAdt7Zk3xZqN3fUisbmHwdmTGFovxrsPg1OCw==",
      "requires": {
        "@aws-cdk/aws-events": "1.26.0",
        "@aws-cdk/aws-iam": "1.26.0",
        "@aws-cdk/aws-kms": "1.26.0",
        "@aws-cdk/aws-s3": "1.26.0",
        "@aws-cdk/core": "1.26.0"
      }
    },
    "@aws-cdk/aws-ec2": {
      "version": "1.26.0",
      "resolved": "https://registry.npmjs.org/@aws-cdk/aws-ec2/-/aws-ec2-1.26.0.tgz",
      "integrity": "sha512-DYU99KFqRmoRF+PirOtbXOnlFtba+ivcHD4VVOyvZoKS/+E1F8ilkb/YqsPiU266mnQTpTBn/IS5O2e1TvFPpQ==",
      "requires": {
        "@aws-cdk/aws-cloudwatch": "1.26.0",
        "@aws-cdk/aws-iam": "1.26.0",
        "@aws-cdk/aws-logs": "1.26.0",
        "@aws-cdk/aws-s3": "1.26.0",
        "@aws-cdk/aws-ssm": "1.26.0",
        "@aws-cdk/core": "1.26.0",
        "@aws-cdk/cx-api": "1.26.0"
      }
    },
    "@aws-cdk/aws-ecr": {
      "version": "1.26.0",
      "resolved": "https://registry.npmjs.org/@aws-cdk/aws-ecr/-/aws-ecr-1.26.0.tgz",
      "integrity": "sha512-T4Tvz9lW3UuD8Pa8/h/aaPkZzaaVghWPZZMazUSartWsHruYiny5RXKsVXqQUoCDj8g7J9z18TR04unN2QQXTg==",
      "requires": {
        "@aws-cdk/aws-events": "1.26.0",
        "@aws-cdk/aws-iam": "1.26.0",
        "@aws-cdk/core": "1.26.0"
      }
    },
    "@aws-cdk/aws-ecr-assets": {
      "version": "1.26.0",
      "resolved": "https://registry.npmjs.org/@aws-cdk/aws-ecr-assets/-/aws-ecr-assets-1.26.0.tgz",
      "integrity": "sha512-jEJWDwPIg/aQBOpBfw1i6P1V8/QhQDmUfF9SNZWClJewvtt5pHoxPpcu334lr1TUWaZy9T3Gt1AL/WW4fkJbmA==",
      "requires": {
        "@aws-cdk/assets": "1.26.0",
        "@aws-cdk/aws-cloudformation": "1.26.0",
        "@aws-cdk/aws-ecr": "1.26.0",
        "@aws-cdk/aws-iam": "1.26.0",
        "@aws-cdk/aws-lambda": "1.26.0",
        "@aws-cdk/aws-s3": "1.26.0",
        "@aws-cdk/core": "1.26.0",
        "@aws-cdk/cx-api": "1.26.0",
        "minimatch": "^3.0.4"
      },
      "dependencies": {
        "balanced-match": {
          "version": "1.0.0",
          "bundled": true
        },
        "brace-expansion": {
          "version": "1.1.11",
          "bundled": true,
          "requires": {
            "balanced-match": "^1.0.0",
            "concat-map": "0.0.1"
          }
        },
        "concat-map": {
          "version": "0.0.1",
          "bundled": true
        },
        "minimatch": {
          "version": "3.0.4",
          "bundled": true,
          "requires": {
            "brace-expansion": "^1.1.7"
          }
        }
      }
    },
    "@aws-cdk/aws-ecs": {
      "version": "1.26.0",
      "resolved": "https://registry.npmjs.org/@aws-cdk/aws-ecs/-/aws-ecs-1.26.0.tgz",
      "integrity": "sha512-4bRh01lUleE61hzVL5JOUEbWDSnYU9FoCx9JHV9med1qFSS0k428446DI9dWhAHlj3glu7/EgK11dKm9tlqe8w==",
      "requires": {
        "@aws-cdk/aws-applicationautoscaling": "1.26.0",
        "@aws-cdk/aws-autoscaling": "1.26.0",
        "@aws-cdk/aws-autoscaling-hooktargets": "1.26.0",
        "@aws-cdk/aws-certificatemanager": "1.26.0",
        "@aws-cdk/aws-cloudformation": "1.26.0",
        "@aws-cdk/aws-cloudwatch": "1.26.0",
        "@aws-cdk/aws-ec2": "1.26.0",
        "@aws-cdk/aws-ecr": "1.26.0",
        "@aws-cdk/aws-ecr-assets": "1.26.0",
        "@aws-cdk/aws-elasticloadbalancing": "1.26.0",
        "@aws-cdk/aws-elasticloadbalancingv2": "1.26.0",
        "@aws-cdk/aws-iam": "1.26.0",
        "@aws-cdk/aws-lambda": "1.26.0",
        "@aws-cdk/aws-logs": "1.26.0",
        "@aws-cdk/aws-route53": "1.26.0",
        "@aws-cdk/aws-route53-targets": "1.26.0",
        "@aws-cdk/aws-secretsmanager": "1.26.0",
        "@aws-cdk/aws-servicediscovery": "1.26.0",
        "@aws-cdk/aws-sns": "1.26.0",
        "@aws-cdk/aws-sqs": "1.26.0",
        "@aws-cdk/aws-ssm": "1.26.0",
        "@aws-cdk/core": "1.26.0",
        "@aws-cdk/cx-api": "1.26.0"
      }
    },
    "@aws-cdk/aws-ecs-patterns": {
      "version": "1.26.0",
      "resolved": "https://registry.npmjs.org/@aws-cdk/aws-ecs-patterns/-/aws-ecs-patterns-1.26.0.tgz",
      "integrity": "sha512-/FQ1ncRanaCHr2fHSJTDTkto9pcbepH6PtVLQifJPMgm+VVD9W6fE0fuRrKB6V0IV8PelXXK/1pORIQlUuM9qw==",
      "requires": {
        "@aws-cdk/aws-applicationautoscaling": "1.26.0",
        "@aws-cdk/aws-certificatemanager": "1.26.0",
        "@aws-cdk/aws-ec2": "1.26.0",
        "@aws-cdk/aws-ecs": "1.26.0",
        "@aws-cdk/aws-elasticloadbalancingv2": "1.26.0",
        "@aws-cdk/aws-events": "1.26.0",
        "@aws-cdk/aws-events-targets": "1.26.0",
        "@aws-cdk/aws-iam": "1.26.0",
        "@aws-cdk/aws-route53": "1.26.0",
        "@aws-cdk/aws-route53-targets": "1.26.0",
        "@aws-cdk/aws-servicediscovery": "1.26.0",
        "@aws-cdk/aws-sqs": "1.26.0",
        "@aws-cdk/core": "1.26.0"
      }
    },
    "@aws-cdk/aws-elasticloadbalancing": {
      "version": "1.26.0",
      "resolved": "https://registry.npmjs.org/@aws-cdk/aws-elasticloadbalancing/-/aws-elasticloadbalancing-1.26.0.tgz",
      "integrity": "sha512-xO/9wvOxaiZtOMNAdX/EdEgAaQPdyt5EcfUL2Cr7Ws/uWGmBqs0IPLff+nE5nQ69XMpCeLMqsPFXgPMb7Rb4gQ==",
      "requires": {
        "@aws-cdk/aws-ec2": "1.26.0",
        "@aws-cdk/core": "1.26.0"
      }
    },
    "@aws-cdk/aws-elasticloadbalancingv2": {
      "version": "1.26.0",
      "resolved": "https://registry.npmjs.org/@aws-cdk/aws-elasticloadbalancingv2/-/aws-elasticloadbalancingv2-1.26.0.tgz",
      "integrity": "sha512-BFiNiby61sgig1oGvpqfwSdciI4QwHx3lGuZkcHfKRi8MGoLOde8PAavrg16Vx4GFVCWXwdbjEZutFPG3+Jx9g==",
      "requires": {
        "@aws-cdk/aws-certificatemanager": "1.26.0",
        "@aws-cdk/aws-cloudwatch": "1.26.0",
        "@aws-cdk/aws-ec2": "1.26.0",
        "@aws-cdk/aws-iam": "1.26.0",
        "@aws-cdk/aws-lambda": "1.26.0",
        "@aws-cdk/aws-s3": "1.26.0",
        "@aws-cdk/core": "1.26.0"
      }
    },
    "@aws-cdk/aws-events": {
      "version": "1.26.0",
      "resolved": "https://registry.npmjs.org/@aws-cdk/aws-events/-/aws-events-1.26.0.tgz",
      "integrity": "sha512-VFG0EVZLuSCk8VU1LZr//OXeIBI+ox85rfzPzFHWKbhazGQ6ORHVk8nhra/vgflJ4f7mv83Nl42MWJjRMAlsCQ==",
      "requires": {
        "@aws-cdk/aws-iam": "1.26.0",
        "@aws-cdk/core": "1.26.0"
      }
    },
    "@aws-cdk/aws-events-targets": {
      "version": "1.26.0",
      "resolved": "https://registry.npmjs.org/@aws-cdk/aws-events-targets/-/aws-events-targets-1.26.0.tgz",
      "integrity": "sha512-vNP5O/r9j2bxDpsXpXk3/Wfbxg4sap3l9MjqJnZ6rynrIRX5OQhRqEQ8hOJWdaCa+v1VTdck1CxGgwE3VP7ejg==",
      "requires": {
        "@aws-cdk/aws-cloudformation": "1.26.0",
        "@aws-cdk/aws-codebuild": "1.26.0",
        "@aws-cdk/aws-codepipeline": "1.26.0",
        "@aws-cdk/aws-ec2": "1.26.0",
        "@aws-cdk/aws-ecs": "1.26.0",
        "@aws-cdk/aws-events": "1.26.0",
        "@aws-cdk/aws-iam": "1.26.0",
        "@aws-cdk/aws-lambda": "1.26.0",
        "@aws-cdk/aws-sns": "1.26.0",
        "@aws-cdk/aws-sns-subscriptions": "1.26.0",
        "@aws-cdk/aws-sqs": "1.26.0",
        "@aws-cdk/aws-stepfunctions": "1.26.0",
        "@aws-cdk/core": "1.26.0"
      }
    },
    "@aws-cdk/aws-iam": {
      "version": "1.26.0",
      "resolved": "https://registry.npmjs.org/@aws-cdk/aws-iam/-/aws-iam-1.26.0.tgz",
      "integrity": "sha512-z1cQ7KzFbBQruPpEn9fGmwyYCnVtDOvwOc58olrdZT73RXN8OVSlD2IX0+f1xmv+KXgM7HOSp+SHFTkV9ALEKg==",
      "requires": {
        "@aws-cdk/core": "1.26.0",
        "@aws-cdk/region-info": "1.26.0"
      }
    },
    "@aws-cdk/aws-kms": {
      "version": "1.26.0",
      "resolved": "https://registry.npmjs.org/@aws-cdk/aws-kms/-/aws-kms-1.26.0.tgz",
      "integrity": "sha512-2niNZlE0Fyt1IFqYbHVf1crOSg9fD1E/KUJdxIc2f3eig56uRTykKFuZmD0ArueivJiM6q91YYgVRKvA8y2sCw==",
      "requires": {
        "@aws-cdk/aws-iam": "1.26.0",
        "@aws-cdk/core": "1.26.0"
      }
    },
    "@aws-cdk/aws-lambda": {
      "version": "1.26.0",
      "resolved": "https://registry.npmjs.org/@aws-cdk/aws-lambda/-/aws-lambda-1.26.0.tgz",
      "integrity": "sha512-VSoCrVuPMbT+WK0ox4IsgtAvbruc+q/MuAb3RXPNqncjYNOSZGULQTVYxGBMEWHXb5uJPUoOq0STnIktOft9JA==",
      "requires": {
        "@aws-cdk/aws-cloudwatch": "1.26.0",
        "@aws-cdk/aws-ec2": "1.26.0",
        "@aws-cdk/aws-events": "1.26.0",
        "@aws-cdk/aws-iam": "1.26.0",
        "@aws-cdk/aws-logs": "1.26.0",
        "@aws-cdk/aws-s3": "1.26.0",
        "@aws-cdk/aws-s3-assets": "1.26.0",
        "@aws-cdk/aws-sqs": "1.26.0",
        "@aws-cdk/core": "1.26.0",
        "@aws-cdk/cx-api": "1.26.0"
      }
    },
    "@aws-cdk/aws-logs": {
      "version": "1.26.0",
      "resolved": "https://registry.npmjs.org/@aws-cdk/aws-logs/-/aws-logs-1.26.0.tgz",
      "integrity": "sha512-SU6hlfD50Le6F6kt0ejyfwvN8OS6/XUNpesBw960gDqMBNnDddKtXa7rHHjjb80GHJ+J1ZlvlHOl4lgzjQ9l3Q==",
      "requires": {
        "@aws-cdk/aws-cloudwatch": "1.26.0",
        "@aws-cdk/aws-iam": "1.26.0",
        "@aws-cdk/core": "1.26.0"
      }
    },
    "@aws-cdk/aws-route53": {
      "version": "1.26.0",
      "resolved": "https://registry.npmjs.org/@aws-cdk/aws-route53/-/aws-route53-1.26.0.tgz",
      "integrity": "sha512-CkrOd0KBggiDbELrGks4BkhQIBOhykI3795BaB7bv9fvx0AfWqs13u+obmIFyfTMN0O9F9c5UHENS7Vk99i1+Q==",
      "requires": {
        "@aws-cdk/aws-ec2": "1.26.0",
        "@aws-cdk/aws-logs": "1.26.0",
        "@aws-cdk/core": "1.26.0",
        "@aws-cdk/cx-api": "1.26.0"
      }
    },
    "@aws-cdk/aws-route53-targets": {
      "version": "1.26.0",
      "resolved": "https://registry.npmjs.org/@aws-cdk/aws-route53-targets/-/aws-route53-targets-1.26.0.tgz",
      "integrity": "sha512-BBxwfxap7maTMGnNp8t0zjkh4tDo3nq9Ua9GcoeyqQVqYbjJpjImUhSZ5Xc73LH0Ub/CjtbhMnW5k91rH/Psxw==",
      "requires": {
        "@aws-cdk/aws-apigateway": "1.26.0",
        "@aws-cdk/aws-cloudfront": "1.26.0",
        "@aws-cdk/aws-ec2": "1.26.0",
        "@aws-cdk/aws-elasticloadbalancing": "1.26.0",
        "@aws-cdk/aws-elasticloadbalancingv2": "1.26.0",
        "@aws-cdk/aws-iam": "1.26.0",
        "@aws-cdk/aws-route53": "1.26.0",
        "@aws-cdk/aws-s3": "1.26.0",
        "@aws-cdk/core": "1.26.0",
        "@aws-cdk/region-info": "1.26.0"
      }
    },
    "@aws-cdk/aws-s3": {
      "version": "1.26.0",
      "resolved": "https://registry.npmjs.org/@aws-cdk/aws-s3/-/aws-s3-1.26.0.tgz",
      "integrity": "sha512-LG3H+uHRXMZQSLvxVU22Rldd4+3rhrT9skJFF8pxaeWZDaP3omtJnoEgIR4uPYsV4DHDBh+P1zmqTzpdvdho1A==",
      "requires": {
        "@aws-cdk/aws-events": "1.26.0",
        "@aws-cdk/aws-iam": "1.26.0",
        "@aws-cdk/aws-kms": "1.26.0",
        "@aws-cdk/core": "1.26.0"
      }
    },
    "@aws-cdk/aws-s3-assets": {
      "version": "1.26.0",
      "resolved": "https://registry.npmjs.org/@aws-cdk/aws-s3-assets/-/aws-s3-assets-1.26.0.tgz",
      "integrity": "sha512-r1vQ1n6n2qIEscmEJqbr9uxk+6p5KvD7QduA8uS77eHb3qnKtSLG+bcdc2ohiCbJP8wyGDsOT1tBA/+W5bdKKQ==",
      "requires": {
        "@aws-cdk/assets": "1.26.0",
        "@aws-cdk/aws-iam": "1.26.0",
        "@aws-cdk/aws-s3": "1.26.0",
        "@aws-cdk/core": "1.26.0",
        "@aws-cdk/cx-api": "1.26.0"
      }
    },
    "@aws-cdk/aws-sam": {
      "version": "1.26.0",
      "resolved": "https://registry.npmjs.org/@aws-cdk/aws-sam/-/aws-sam-1.26.0.tgz",
      "integrity": "sha512-hT6gg8ipx5Jq0eiQWfskG5eMevV5mZuPnYgbyktawBlYZJdUVkVEP21MYB6NKXfe4a6Dum1OzCdPbFtqeyARSQ==",
      "requires": {
        "@aws-cdk/core": "1.26.0"
      }
    },
    "@aws-cdk/aws-secretsmanager": {
      "version": "1.26.0",
      "resolved": "https://registry.npmjs.org/@aws-cdk/aws-secretsmanager/-/aws-secretsmanager-1.26.0.tgz",
      "integrity": "sha512-bm8N2Z7LZkt3UhKUEafxMHXVtSMcEhj+D8iU3j2Ioo3J1oC3j1VUnkLE0VVA59rsAaLj/6XxJffEeD4mRCcZ9Q==",
      "requires": {
        "@aws-cdk/aws-ec2": "1.26.0",
        "@aws-cdk/aws-iam": "1.26.0",
        "@aws-cdk/aws-kms": "1.26.0",
        "@aws-cdk/aws-lambda": "1.26.0",
        "@aws-cdk/aws-sam": "1.26.0",
        "@aws-cdk/core": "1.26.0"
      }
    },
    "@aws-cdk/aws-servicediscovery": {
      "version": "1.26.0",
      "resolved": "https://registry.npmjs.org/@aws-cdk/aws-servicediscovery/-/aws-servicediscovery-1.26.0.tgz",
      "integrity": "sha512-cnbXxxGXH/66/S9MR1RtanIf9eRYXBP6eudPwME1WvOUpwkaE9GicaI3hQj1zqtiWQDSMX1LuXe+jr4SGgef3w==",
      "requires": {
        "@aws-cdk/aws-ec2": "1.26.0",
        "@aws-cdk/aws-elasticloadbalancingv2": "1.26.0",
        "@aws-cdk/aws-route53": "1.26.0",
        "@aws-cdk/core": "1.26.0"
      }
    },
    "@aws-cdk/aws-sns": {
      "version": "1.26.0",
      "resolved": "https://registry.npmjs.org/@aws-cdk/aws-sns/-/aws-sns-1.26.0.tgz",
      "integrity": "sha512-V/mLUT5M1JVhBwBw2V59edajuH8pyMbZqdOvtU/wrWGKsGRs2qJEr1MRZJMcErJiqvkAWJnaxWMEVtFXpTLZOg==",
      "requires": {
        "@aws-cdk/aws-cloudwatch": "1.26.0",
        "@aws-cdk/aws-events": "1.26.0",
        "@aws-cdk/aws-iam": "1.26.0",
        "@aws-cdk/aws-kms": "1.26.0",
        "@aws-cdk/core": "1.26.0"
      }
    },
    "@aws-cdk/aws-sns-subscriptions": {
      "version": "1.26.0",
      "resolved": "https://registry.npmjs.org/@aws-cdk/aws-sns-subscriptions/-/aws-sns-subscriptions-1.26.0.tgz",
      "integrity": "sha512-akBDG+AsCvjVFUZsIIbgtqk7Hwz04hnwT9/SJEi/JeOXjMR5RYwjDVnuoftM51LR+YsLC7U8oVX+/5e3CVp5qw==",
      "requires": {
        "@aws-cdk/aws-iam": "1.26.0",
        "@aws-cdk/aws-lambda": "1.26.0",
        "@aws-cdk/aws-sns": "1.26.0",
        "@aws-cdk/aws-sqs": "1.26.0",
        "@aws-cdk/core": "1.26.0"
      }
    },
    "@aws-cdk/aws-sqs": {
      "version": "1.26.0",
      "resolved": "https://registry.npmjs.org/@aws-cdk/aws-sqs/-/aws-sqs-1.26.0.tgz",
      "integrity": "sha512-k1hNBhilqVAi49s/qYDBRMIhQlnSLp+foEgHzUoqXThXUv/UuunfHb/JIcNxGthXMN1vNQRgE4QvpARPV8SsXQ==",
      "requires": {
        "@aws-cdk/aws-cloudwatch": "1.26.0",
        "@aws-cdk/aws-iam": "1.26.0",
        "@aws-cdk/aws-kms": "1.26.0",
        "@aws-cdk/core": "1.26.0"
      }
    },
    "@aws-cdk/aws-ssm": {
      "version": "1.26.0",
      "resolved": "https://registry.npmjs.org/@aws-cdk/aws-ssm/-/aws-ssm-1.26.0.tgz",
      "integrity": "sha512-VPcRFSCfZ+aIgiqidj3FVdjjxIJAIaAwpppKxDXaTSLmetKijHAI+FA3/2r12HJ8C9Xdfe5FN19oyWPnGJU48A==",
      "requires": {
        "@aws-cdk/aws-iam": "1.26.0",
        "@aws-cdk/aws-kms": "1.26.0",
        "@aws-cdk/core": "1.26.0",
        "@aws-cdk/cx-api": "1.26.0"
      }
    },
    "@aws-cdk/aws-stepfunctions": {
      "version": "1.26.0",
      "resolved": "https://registry.npmjs.org/@aws-cdk/aws-stepfunctions/-/aws-stepfunctions-1.26.0.tgz",
      "integrity": "sha512-mISQVP4EJhi3VOJ/FYNfU41VYw8l+oGfNL+g0yM/Duor+Qw9vHxBUikG0wFv/+3hygGHJIo07St+CE2CY6E/Sg==",
      "requires": {
        "@aws-cdk/aws-cloudwatch": "1.26.0",
        "@aws-cdk/aws-events": "1.26.0",
        "@aws-cdk/aws-iam": "1.26.0",
        "@aws-cdk/core": "1.26.0"
      }
    },
    "@aws-cdk/core": {
      "version": "1.26.0",
      "resolved": "https://registry.npmjs.org/@aws-cdk/core/-/core-1.26.0.tgz",
      "integrity": "sha512-VeCFrLf45+3WiVjgMUwjGnEhBf9wcTVf6WXNHJybBZaxlQjQGhoKaE2GscknATb7SwR1GXxHyXDEvfCz90A5JQ==",
      "requires": {
        "@aws-cdk/cx-api": "1.26.0"
      }
    },
    "@aws-cdk/cx-api": {
      "version": "1.26.0",
      "resolved": "https://registry.npmjs.org/@aws-cdk/cx-api/-/cx-api-1.26.0.tgz",
      "integrity": "sha512-/u+CI5TEiZV75AOCmYT1rhlASyKDy1No8zdwyN9rWoHKKQLTwz7e94niqvhvQKijrf7Vg9i3Ygz1yorCip4q3w==",
      "requires": {
        "semver": "^7.1.3"
      },
      "dependencies": {
        "semver": {
          "version": "7.1.3",
          "bundled": true
        }
      }
    },
    "@aws-cdk/region-info": {
      "version": "1.26.0",
      "resolved": "https://registry.npmjs.org/@aws-cdk/region-info/-/region-info-1.26.0.tgz",
      "integrity": "sha512-4Tpfm6JHgBjB4z9VhKQ0NcYY1cgYnFHtranW+iTblj1fVmd0/GV/BVIzRXuk0w8u1WmDFnO6uRo+aVi2ZaU1nQ=="
    },
    "@types/node": {
      "version": "8.10.59",
      "resolved": "https://registry.npmjs.org/@types/node/-/node-8.10.59.tgz",
      "integrity": "sha512-8RkBivJrDCyPpBXhVZcjh7cQxVBSmRk9QM7hOketZzp6Tg79c0N8kkpAIito9bnJ3HCVCHVYz+KHTEbfQNfeVQ==",
      "dev": true
    },
    "arg": {
      "version": "4.1.3",
      "resolved": "https://registry.npmjs.org/arg/-/arg-4.1.3.tgz",
      "integrity": "sha512-58S9QDqG0Xx27YwPSt9fJxivjYl432YCwfDMfZ+71RAqUrZef7LrKQZ3LHLOwCS4FLNBplP533Zx895SeOCHvA=="
    },
    "buffer-from": {
      "version": "1.1.1",
      "resolved": "https://registry.npmjs.org/buffer-from/-/buffer-from-1.1.1.tgz",
      "integrity": "sha512-MQcXEUbCKtEo7bhqEs6560Hyd4XaovZlO/k9V3hjVUF/zwW7KBVdSK4gIt/bzwS9MbR5qob+F5jusZsb0YQK2A=="
    },
    "diff": {
      "version": "4.0.2",
      "resolved": "https://registry.npmjs.org/diff/-/diff-4.0.2.tgz",
      "integrity": "sha512-58lmxKSA4BNyLz+HHMUzlOEpg09FV+ev6ZMe3vJihgdxzgcwZ8VoEEPmALCZG9LmqfVoNMMKpttIYTVG6uDY7A=="
    },
    "make-error": {
      "version": "1.3.6",
      "resolved": "https://registry.npmjs.org/make-error/-/make-error-1.3.6.tgz",
      "integrity": "sha512-s8UhlNe7vPKomQhC1qFelMokr/Sc3AgNbso3n74mVPA5LTZwkB9NlXf4XPamLxJE8h0gh73rM94xvwRT2CVInw=="
    },
    "source-map": {
      "version": "0.6.1",
      "resolved": "https://registry.npmjs.org/source-map/-/source-map-0.6.1.tgz",
      "integrity": "sha512-UjgapumWlbMhkBgzT7Ykc5YXUT46F0iKu8SGXq0bcwP5dz/h0Plj6enJqjz1Zbq2l5WaqYnrVbwWOWMyF3F47g=="
    },
    "source-map-support": {
      "version": "0.5.16",
      "resolved": "https://registry.npmjs.org/source-map-support/-/source-map-support-0.5.16.tgz",
      "integrity": "sha512-efyLRJDr68D9hBBNIPWFjhpFzURh+KJykQwvMyW5UiZzYwoF6l4YMMDIJJEyFWxWCqfyxLzz6tSfUFR+kXXsVQ==",
      "requires": {
        "buffer-from": "^1.0.0",
        "source-map": "^0.6.0"
      }
    },
    "ts-node": {
      "version": "8.6.2",
      "resolved": "https://registry.npmjs.org/ts-node/-/ts-node-8.6.2.tgz",
      "integrity": "sha512-4mZEbofxGqLL2RImpe3zMJukvEvcO1XP8bj8ozBPySdCUXEcU5cIRwR0aM3R+VoZq7iXc8N86NC0FspGRqP4gg==",
      "requires": {
        "arg": "^4.1.0",
        "diff": "^4.0.1",
        "make-error": "^1.1.1",
        "source-map-support": "^0.5.6",
        "yn": "3.1.1"
      }
    },
    "typescript": {
      "version": "3.7.5",
      "resolved": "https://registry.npmjs.org/typescript/-/typescript-3.7.5.tgz",
      "integrity": "sha512-/P5lkRXkWHNAbcJIiHPfRoKqyd7bsyCma1hZNUGfn20qm64T6ZBlrzprymeu918H+mB/0rIg2gGK/BXkhhYgBw==",
      "dev": true
    },
    "yn": {
      "version": "3.1.1",
      "resolved": "https://registry.npmjs.org/yn/-/yn-3.1.1.tgz",
      "integrity": "sha512-Ux4ygGWsu2c7isFWe8Yu1YluJmqVhxqK2cLXNQA5AcC3QfbGNpM7fu0Y8b/z16pXLnFxZYvWhd3fhBY9DLmC6Q=="
    }
  }
}
